// !$*UTF8*$!
{
	archiveVersion = 1;
	classes = {
	};
	objectVersion = 50;
	objects = {

/* Begin PBXBuildFile section */
		B144775827309EB600E38C2B /* BrightnessControllApp.swift in Sources */ = {isa = PBXBuildFile; fileRef = B144775727309EB600E38C2B /* BrightnessControllApp.swift */; };
		B144775A27309EB600E38C2B /* ContentView.swift in Sources */ = {isa = PBXBuildFile; fileRef = B144775927309EB600E38C2B /* ContentView.swift */; };
		B144775C27309EB700E38C2B /* Assets.xcassets in Resources */ = {isa = PBXBuildFile; fileRef = B144775B27309EB700E38C2B /* Assets.xcassets */; };
		B144775F27309EB700E38C2B /* Preview Assets.xcassets in Resources */ = {isa = PBXBuildFile; fileRef = B144775E27309EB700E38C2B /* Preview Assets.xcassets */; };
		B144776B27309EB800E38C2B /* brightness_controlTests.swift in Sources */ = {isa = PBXBuildFile; fileRef = B144776A27309EB800E38C2B /* brightness_controlTests.swift */; };
		B144777627309EB800E38C2B /* brightness_controlUITests.swift in Sources */ = {isa = PBXBuildFile; fileRef = B144777527309EB800E38C2B /* brightness_controlUITests.swift */; };
		B1FB9B572739BF1F0037EFFB /* CustomWindow.swift in Sources */ = {isa = PBXBuildFile; fileRef = B1FB9B562739BF1F0037EFFB /* CustomWindow.swift */; };
		B1FB9B59273A0DE10037EFFB /* HudIconView.swift in Sources */ = {isa = PBXBuildFile; fileRef = B1FB9B58273A0DE10037EFFB /* HudIconView.swift */; };
		B1FC80A52731FFD500E111DF /* DDC.c in Sources */ = {isa = PBXBuildFile; fileRef = B1FC80A42731FFD500E111DF /* DDC.c */; };
		B1FC80AC273471E100E111DF /* DDCCIScreen.swift in Sources */ = {isa = PBXBuildFile; fileRef = B1FC80AB273471E100E111DF /* DDCCIScreen.swift */; };
		B1FC80BA2735A3D300E111DF /* blurhud.m in Sources */ = {isa = PBXBuildFile; fileRef = B1FC80B92735A3D300E111DF /* blurhud.m */; };
		B1FC80C42737031900E111DF /* CaptureKeyboardEvents.swift in Sources */ = {isa = PBXBuildFile; fileRef = B1FC80C32737031900E111DF /* CaptureKeyboardEvents.swift */; };
/* End PBXBuildFile section */

/* Begin PBXContainerItemProxy section */
		B144776727309EB800E38C2B /* PBXContainerItemProxy */ = {
			isa = PBXContainerItemProxy;
			containerPortal = B144774C27309EB600E38C2B /* Project object */;
			proxyType = 1;
			remoteGlobalIDString = B144775327309EB600E38C2B;
			remoteInfo = "brightness-control";
		};
		B144777227309EB800E38C2B /* PBXContainerItemProxy */ = {
			isa = PBXContainerItemProxy;
			containerPortal = B144774C27309EB600E38C2B /* Project object */;
			proxyType = 1;
			remoteGlobalIDString = B144775327309EB600E38C2B;
			remoteInfo = "brightness-control";
		};
/* End PBXContainerItemProxy section */

/* Begin PBXFileReference section */
		B144775427309EB600E38C2B /* brightness-control.app */ = {isa = PBXFileReference; explicitFileType = wrapper.application; includeInIndex = 0; path = "brightness-control.app"; sourceTree = BUILT_PRODUCTS_DIR; };
		B144775727309EB600E38C2B /* BrightnessControllApp.swift */ = {isa = PBXFileReference; lastKnownFileType = sourcecode.swift; path = BrightnessControllApp.swift; sourceTree = "<group>"; };
		B144775927309EB600E38C2B /* ContentView.swift */ = {isa = PBXFileReference; lastKnownFileType = sourcecode.swift; path = ContentView.swift; sourceTree = "<group>"; };
		B144775B27309EB700E38C2B /* Assets.xcassets */ = {isa = PBXFileReference; lastKnownFileType = folder.assetcatalog; path = Assets.xcassets; sourceTree = "<group>"; };
		B144775E27309EB700E38C2B /* Preview Assets.xcassets */ = {isa = PBXFileReference; lastKnownFileType = folder.assetcatalog; path = "Preview Assets.xcassets"; sourceTree = "<group>"; };
		B144776027309EB700E38C2B /* Info.plist */ = {isa = PBXFileReference; lastKnownFileType = text.plist.xml; path = Info.plist; sourceTree = "<group>"; };
		B144776127309EB700E38C2B /* brightness_control.entitlements */ = {isa = PBXFileReference; lastKnownFileType = text.plist.entitlements; path = brightness_control.entitlements; sourceTree = "<group>"; };
		B144776627309EB800E38C2B /* brightness-controlTests.xctest */ = {isa = PBXFileReference; explicitFileType = wrapper.cfbundle; includeInIndex = 0; path = "brightness-controlTests.xctest"; sourceTree = BUILT_PRODUCTS_DIR; };
		B144776A27309EB800E38C2B /* brightness_controlTests.swift */ = {isa = PBXFileReference; lastKnownFileType = sourcecode.swift; path = brightness_controlTests.swift; sourceTree = "<group>"; };
		B144776C27309EB800E38C2B /* Info.plist */ = {isa = PBXFileReference; lastKnownFileType = text.plist.xml; path = Info.plist; sourceTree = "<group>"; };
		B144777127309EB800E38C2B /* brightness-controlUITests.xctest */ = {isa = PBXFileReference; explicitFileType = wrapper.cfbundle; includeInIndex = 0; path = "brightness-controlUITests.xctest"; sourceTree = BUILT_PRODUCTS_DIR; };
		B144777527309EB800E38C2B /* brightness_controlUITests.swift */ = {isa = PBXFileReference; lastKnownFileType = sourcecode.swift; path = brightness_controlUITests.swift; sourceTree = "<group>"; };
		B144777727309EB800E38C2B /* Info.plist */ = {isa = PBXFileReference; lastKnownFileType = text.plist.xml; path = Info.plist; sourceTree = "<group>"; };
		B1FB9B562739BF1F0037EFFB /* CustomWindow.swift */ = {isa = PBXFileReference; lastKnownFileType = sourcecode.swift; path = CustomWindow.swift; sourceTree = "<group>"; };
		B1FB9B58273A0DE10037EFFB /* HudIconView.swift */ = {isa = PBXFileReference; lastKnownFileType = sourcecode.swift; path = HudIconView.swift; sourceTree = "<group>"; };
		B1FC80A22731FFD500E111DF /* brightness-control-Bridging-Header.h */ = {isa = PBXFileReference; lastKnownFileType = sourcecode.c.h; path = "brightness-control-Bridging-Header.h"; sourceTree = "<group>"; };
		B1FC80A32731FFD500E111DF /* DDC.h */ = {isa = PBXFileReference; lastKnownFileType = sourcecode.c.h; path = DDC.h; sourceTree = "<group>"; };
		B1FC80A42731FFD500E111DF /* DDC.c */ = {isa = PBXFileReference; lastKnownFileType = sourcecode.c.c; path = DDC.c; sourceTree = "<group>"; };
		B1FC80AB273471E100E111DF /* DDCCIScreen.swift */ = {isa = PBXFileReference; lastKnownFileType = sourcecode.swift; path = DDCCIScreen.swift; sourceTree = "<group>"; };
		B1FC80B427359E9D00E111DF /* CoreGraphicsPriv.h */ = {isa = PBXFileReference; lastKnownFileType = sourcecode.c.h; path = CoreGraphicsPriv.h; sourceTree = "<group>"; };
		B1FC80B527359ED800E111DF /* BezelServices.h */ = {isa = PBXFileReference; lastKnownFileType = sourcecode.c.h; path = BezelServices.h; sourceTree = "<group>"; };
		B1FC80B62735A02400E111DF /* OSD.h */ = {isa = PBXFileReference; lastKnownFileType = sourcecode.c.h; path = OSD.h; sourceTree = "<group>"; };
		B1FC80B92735A3D300E111DF /* blurhud.m */ = {isa = PBXFileReference; lastKnownFileType = sourcecode.c.objc; path = blurhud.m; sourceTree = "<group>"; };
		B1FC80BD2735A68E00E111DF /* blurhud.h */ = {isa = PBXFileReference; lastKnownFileType = sourcecode.c.h; path = blurhud.h; sourceTree = "<group>"; };
		B1FC80C32737031900E111DF /* CaptureKeyboardEvents.swift */ = {isa = PBXFileReference; lastKnownFileType = sourcecode.swift; path = CaptureKeyboardEvents.swift; sourceTree = "<group>"; };
/* End PBXFileReference section */

/* Begin PBXFrameworksBuildPhase section */
		B144775127309EB600E38C2B /* Frameworks */ = {
			isa = PBXFrameworksBuildPhase;
			buildActionMask = 2147483647;
			files = (
			);
			runOnlyForDeploymentPostprocessing = 0;
		};
		B144776327309EB800E38C2B /* Frameworks */ = {
			isa = PBXFrameworksBuildPhase;
			buildActionMask = 2147483647;
			files = (
			);
			runOnlyForDeploymentPostprocessing = 0;
		};
		B144776E27309EB800E38C2B /* Frameworks */ = {
			isa = PBXFrameworksBuildPhase;
			buildActionMask = 2147483647;
			files = (
			);
			runOnlyForDeploymentPostprocessing = 0;
		};
/* End PBXFrameworksBuildPhase section */

/* Begin PBXGroup section */
		B144774B27309EB600E38C2B = {
			isa = PBXGroup;
			children = (
				B144775627309EB600E38C2B /* brightness-control */,
				B144776927309EB800E38C2B /* brightness-controlTests */,
				B144777427309EB800E38C2B /* brightness-controlUITests */,
				B144775527309EB600E38C2B /* Products */,
			);
			sourceTree = "<group>";
		};
		B144775527309EB600E38C2B /* Products */ = {
			isa = PBXGroup;
			children = (
				B144775427309EB600E38C2B /* brightness-control.app */,
				B144776627309EB800E38C2B /* brightness-controlTests.xctest */,
				B144777127309EB800E38C2B /* brightness-controlUITests.xctest */,
			);
			name = Products;
			sourceTree = "<group>";
		};
		B144775627309EB600E38C2B /* brightness-control */ = {
			isa = PBXGroup;
			children = (
				B1FC80B327359E2D00E111DF /* bezel */,
				B1FC80A12731FCF100E111DF /* ddcctl */,
				B144775727309EB600E38C2B /* BrightnessControllApp.swift */,
				B1FB9B562739BF1F0037EFFB /* CustomWindow.swift */,
				B144775927309EB600E38C2B /* ContentView.swift */,
				B1FB9B58273A0DE10037EFFB /* HudIconView.swift */,
				B1FC80C32737031900E111DF /* CaptureKeyboardEvents.swift */,
				B1FC80AB273471E100E111DF /* DDCCIScreen.swift */,
				B144775B27309EB700E38C2B /* Assets.xcassets */,
				B144776027309EB700E38C2B /* Info.plist */,
				B144776127309EB700E38C2B /* brightness_control.entitlements */,
				B144775D27309EB700E38C2B /* Preview Content */,
			);
			path = "brightness-control";
			sourceTree = "<group>";
		};
		B144775D27309EB700E38C2B /* Preview Content */ = {
			isa = PBXGroup;
			children = (
				B144775E27309EB700E38C2B /* Preview Assets.xcassets */,
			);
			path = "Preview Content";
			sourceTree = "<group>";
		};
		B144776927309EB800E38C2B /* brightness-controlTests */ = {
			isa = PBXGroup;
			children = (
				B144776A27309EB800E38C2B /* brightness_controlTests.swift */,
				B144776C27309EB800E38C2B /* Info.plist */,
			);
			path = "brightness-controlTests";
			sourceTree = "<group>";
		};
		B144777427309EB800E38C2B /* brightness-controlUITests */ = {
			isa = PBXGroup;
			children = (
				B144777527309EB800E38C2B /* brightness_controlUITests.swift */,
				B144777727309EB800E38C2B /* Info.plist */,
			);
			path = "brightness-controlUITests";
			sourceTree = "<group>";
		};
		B1FC80A12731FCF100E111DF /* ddcctl */ = {
			isa = PBXGroup;
			children = (
				B1FC80A32731FFD500E111DF /* DDC.h */,
				B1FC80A42731FFD500E111DF /* DDC.c */,
				B1FC80A22731FFD500E111DF /* brightness-control-Bridging-Header.h */,
			);
			path = ddcctl;
			sourceTree = "<group>";
		};
		B1FC80B327359E2D00E111DF /* bezel */ = {
			isa = PBXGroup;
			children = (
				B1FC80B427359E9D00E111DF /* CoreGraphicsPriv.h */,
				B1FC80B527359ED800E111DF /* BezelServices.h */,
				B1FC80B62735A02400E111DF /* OSD.h */,
				B1FC80BD2735A68E00E111DF /* blurhud.h */,
				B1FC80B92735A3D300E111DF /* blurhud.m */,
			);
			path = bezel;
			sourceTree = "<group>";
		};
/* End PBXGroup section */

/* Begin PBXNativeTarget section */
		B144775327309EB600E38C2B /* brightness-control */ = {
			isa = PBXNativeTarget;
			buildConfigurationList = B144777A27309EB800E38C2B /* Build configuration list for PBXNativeTarget "brightness-control" */;
			buildPhases = (
				B144775027309EB600E38C2B /* Sources */,
				B144775127309EB600E38C2B /* Frameworks */,
				B144775227309EB600E38C2B /* Resources */,
			);
			buildRules = (
			);
			dependencies = (
			);
			name = "brightness-control";
			productName = "brightness-control";
			productReference = B144775427309EB600E38C2B /* brightness-control.app */;
			productType = "com.apple.product-type.application";
		};
		B144776527309EB800E38C2B /* brightness-controlTests */ = {
			isa = PBXNativeTarget;
			buildConfigurationList = B144777D27309EB800E38C2B /* Build configuration list for PBXNativeTarget "brightness-controlTests" */;
			buildPhases = (
				B144776227309EB800E38C2B /* Sources */,
				B144776327309EB800E38C2B /* Frameworks */,
				B144776427309EB800E38C2B /* Resources */,
			);
			buildRules = (
			);
			dependencies = (
				B144776827309EB800E38C2B /* PBXTargetDependency */,
			);
			name = "brightness-controlTests";
			productName = "brightness-controlTests";
			productReference = B144776627309EB800E38C2B /* brightness-controlTests.xctest */;
			productType = "com.apple.product-type.bundle.unit-test";
		};
		B144777027309EB800E38C2B /* brightness-controlUITests */ = {
			isa = PBXNativeTarget;
			buildConfigurationList = B144778027309EB800E38C2B /* Build configuration list for PBXNativeTarget "brightness-controlUITests" */;
			buildPhases = (
				B144776D27309EB800E38C2B /* Sources */,
				B144776E27309EB800E38C2B /* Frameworks */,
				B144776F27309EB800E38C2B /* Resources */,
			);
			buildRules = (
			);
			dependencies = (
				B144777327309EB800E38C2B /* PBXTargetDependency */,
			);
			name = "brightness-controlUITests";
			productName = "brightness-controlUITests";
			productReference = B144777127309EB800E38C2B /* brightness-controlUITests.xctest */;
			productType = "com.apple.product-type.bundle.ui-testing";
		};
/* End PBXNativeTarget section */

/* Begin PBXProject section */
		B144774C27309EB600E38C2B /* Project object */ = {
			isa = PBXProject;
			attributes = {
				LastSwiftUpdateCheck = 1250;
				LastUpgradeCheck = 1250;
				TargetAttributes = {
					B144775327309EB600E38C2B = {
						CreatedOnToolsVersion = 12.5;
						LastSwiftMigration = 1250;
					};
					B144776527309EB800E38C2B = {
						CreatedOnToolsVersion = 12.5;
						TestTargetID = B144775327309EB600E38C2B;
					};
					B144777027309EB800E38C2B = {
						CreatedOnToolsVersion = 12.5;
						TestTargetID = B144775327309EB600E38C2B;
					};
				};
			};
			buildConfigurationList = B144774F27309EB600E38C2B /* Build configuration list for PBXProject "brightness-control" */;
			compatibilityVersion = "Xcode 9.3";
			developmentRegion = en;
			hasScannedForEncodings = 0;
			knownRegions = (
				en,
				Base,
			);
			mainGroup = B144774B27309EB600E38C2B;
			productRefGroup = B144775527309EB600E38C2B /* Products */;
			projectDirPath = "";
			projectRoot = "";
			targets = (
				B144775327309EB600E38C2B /* brightness-control */,
				B144776527309EB800E38C2B /* brightness-controlTests */,
				B144777027309EB800E38C2B /* brightness-controlUITests */,
			);
		};
/* End PBXProject section */

/* Begin PBXResourcesBuildPhase section */
		B144775227309EB600E38C2B /* Resources */ = {
			isa = PBXResourcesBuildPhase;
			buildActionMask = 2147483647;
			files = (
				B144775F27309EB700E38C2B /* Preview Assets.xcassets in Resources */,
				B144775C27309EB700E38C2B /* Assets.xcassets in Resources */,
			);
			runOnlyForDeploymentPostprocessing = 0;
		};
		B144776427309EB800E38C2B /* Resources */ = {
			isa = PBXResourcesBuildPhase;
			buildActionMask = 2147483647;
			files = (
			);
			runOnlyForDeploymentPostprocessing = 0;
		};
		B144776F27309EB800E38C2B /* Resources */ = {
			isa = PBXResourcesBuildPhase;
			buildActionMask = 2147483647;
			files = (
			);
			runOnlyForDeploymentPostprocessing = 0;
		};
/* End PBXResourcesBuildPhase section */

/* Begin PBXSourcesBuildPhase section */
		B144775027309EB600E38C2B /* Sources */ = {
			isa = PBXSourcesBuildPhase;
			buildActionMask = 2147483647;
			files = (
				B1FB9B572739BF1F0037EFFB /* CustomWindow.swift in Sources */,
				B1FC80A52731FFD500E111DF /* DDC.c in Sources */,
				B1FC80BA2735A3D300E111DF /* blurhud.m in Sources */,
				B144775A27309EB600E38C2B /* ContentView.swift in Sources */,
				B1FC80C42737031900E111DF /* CaptureKeyboardEvents.swift in Sources */,
				B144775827309EB600E38C2B /* BrightnessControllApp.swift in Sources */,
				B1FC80AC273471E100E111DF /* DDCCIScreen.swift in Sources */,
				B1FB9B59273A0DE10037EFFB /* HudIconView.swift in Sources */,
			);
			runOnlyForDeploymentPostprocessing = 0;
		};
		B144776227309EB800E38C2B /* Sources */ = {
			isa = PBXSourcesBuildPhase;
			buildActionMask = 2147483647;
			files = (
				B144776B27309EB800E38C2B /* brightness_controlTests.swift in Sources */,
			);
			runOnlyForDeploymentPostprocessing = 0;
		};
		B144776D27309EB800E38C2B /* Sources */ = {
			isa = PBXSourcesBuildPhase;
			buildActionMask = 2147483647;
			files = (
				B144777627309EB800E38C2B /* brightness_controlUITests.swift in Sources */,
			);
			runOnlyForDeploymentPostprocessing = 0;
		};
/* End PBXSourcesBuildPhase section */

/* Begin PBXTargetDependency section */
		B144776827309EB800E38C2B /* PBXTargetDependency */ = {
			isa = PBXTargetDependency;
			target = B144775327309EB600E38C2B /* brightness-control */;
			targetProxy = B144776727309EB800E38C2B /* PBXContainerItemProxy */;
		};
		B144777327309EB800E38C2B /* PBXTargetDependency */ = {
			isa = PBXTargetDependency;
			target = B144775327309EB600E38C2B /* brightness-control */;
			targetProxy = B144777227309EB800E38C2B /* PBXContainerItemProxy */;
		};
/* End PBXTargetDependency section */

/* Begin XCBuildConfiguration section */
		B144777827309EB800E38C2B /* Debug */ = {
			isa = XCBuildConfiguration;
			buildSettings = {
				ALWAYS_SEARCH_USER_PATHS = NO;
				CLANG_ANALYZER_NONNULL = YES;
				CLANG_ANALYZER_NUMBER_OBJECT_CONVERSION = YES_AGGRESSIVE;
				CLANG_CXX_LANGUAGE_STANDARD = "gnu++14";
				CLANG_CXX_LIBRARY = "libc++";
				CLANG_ENABLE_MODULES = YES;
				CLANG_ENABLE_OBJC_ARC = YES;
				CLANG_ENABLE_OBJC_WEAK = YES;
				CLANG_WARN_BLOCK_CAPTURE_AUTORELEASING = YES;
				CLANG_WARN_BOOL_CONVERSION = YES;
				CLANG_WARN_COMMA = YES;
				CLANG_WARN_CONSTANT_CONVERSION = YES;
				CLANG_WARN_DEPRECATED_OBJC_IMPLEMENTATIONS = YES;
				CLANG_WARN_DIRECT_OBJC_ISA_USAGE = YES_ERROR;
				CLANG_WARN_DOCUMENTATION_COMMENTS = YES;
				CLANG_WARN_EMPTY_BODY = YES;
				CLANG_WARN_ENUM_CONVERSION = YES;
				CLANG_WARN_INFINITE_RECURSION = YES;
				CLANG_WARN_INT_CONVERSION = YES;
				CLANG_WARN_NON_LITERAL_NULL_CONVERSION = YES;
				CLANG_WARN_OBJC_IMPLICIT_RETAIN_SELF = YES;
				CLANG_WARN_OBJC_LITERAL_CONVERSION = YES;
				CLANG_WARN_OBJC_ROOT_CLASS = YES_ERROR;
				CLANG_WARN_QUOTED_INCLUDE_IN_FRAMEWORK_HEADER = YES;
				CLANG_WARN_RANGE_LOOP_ANALYSIS = YES;
				CLANG_WARN_STRICT_PROTOTYPES = YES;
				CLANG_WARN_SUSPICIOUS_MOVE = YES;
				CLANG_WARN_UNGUARDED_AVAILABILITY = YES_AGGRESSIVE;
				CLANG_WARN_UNREACHABLE_CODE = YES;
				CLANG_WARN__DUPLICATE_METHOD_MATCH = YES;
				COPY_PHASE_STRIP = NO;
				DEBUG_INFORMATION_FORMAT = dwarf;
				ENABLE_STRICT_OBJC_MSGSEND = YES;
				ENABLE_TESTABILITY = YES;
				GCC_C_LANGUAGE_STANDARD = gnu11;
				GCC_DYNAMIC_NO_PIC = NO;
				GCC_NO_COMMON_BLOCKS = YES;
				GCC_OPTIMIZATION_LEVEL = 0;
				GCC_PREPROCESSOR_DEFINITIONS = (
					"DEBUG=1",
					"$(inherited)",
				);
				GCC_WARN_64_TO_32_BIT_CONVERSION = YES;
				GCC_WARN_ABOUT_RETURN_TYPE = YES_ERROR;
				GCC_WARN_UNDECLARED_SELECTOR = YES;
				GCC_WARN_UNINITIALIZED_AUTOS = YES_AGGRESSIVE;
				GCC_WARN_UNUSED_FUNCTION = YES;
				GCC_WARN_UNUSED_VARIABLE = YES;
				MACOSX_DEPLOYMENT_TARGET = 10.15;
				MTL_ENABLE_DEBUG_INFO = INCLUDE_SOURCE;
				MTL_FAST_MATH = YES;
				ONLY_ACTIVE_ARCH = YES;
				SDKROOT = macosx;
				SWIFT_ACTIVE_COMPILATION_CONDITIONS = DEBUG;
				SWIFT_OPTIMIZATION_LEVEL = "-Onone";
			};
			name = Debug;
		};
		B144777927309EB800E38C2B /* Release */ = {
			isa = XCBuildConfiguration;
			buildSettings = {
				ALWAYS_SEARCH_USER_PATHS = NO;
				CLANG_ANALYZER_NONNULL = YES;
				CLANG_ANALYZER_NUMBER_OBJECT_CONVERSION = YES_AGGRESSIVE;
				CLANG_CXX_LANGUAGE_STANDARD = "gnu++14";
				CLANG_CXX_LIBRARY = "libc++";
				CLANG_ENABLE_MODULES = YES;
				CLANG_ENABLE_OBJC_ARC = YES;
				CLANG_ENABLE_OBJC_WEAK = YES;
				CLANG_WARN_BLOCK_CAPTURE_AUTORELEASING = YES;
				CLANG_WARN_BOOL_CONVERSION = YES;
				CLANG_WARN_COMMA = YES;
				CLANG_WARN_CONSTANT_CONVERSION = YES;
				CLANG_WARN_DEPRECATED_OBJC_IMPLEMENTATIONS = YES;
				CLANG_WARN_DIRECT_OBJC_ISA_USAGE = YES_ERROR;
				CLANG_WARN_DOCUMENTATION_COMMENTS = YES;
				CLANG_WARN_EMPTY_BODY = YES;
				CLANG_WARN_ENUM_CONVERSION = YES;
				CLANG_WARN_INFINITE_RECURSION = YES;
				CLANG_WARN_INT_CONVERSION = YES;
				CLANG_WARN_NON_LITERAL_NULL_CONVERSION = YES;
				CLANG_WARN_OBJC_IMPLICIT_RETAIN_SELF = YES;
				CLANG_WARN_OBJC_LITERAL_CONVERSION = YES;
				CLANG_WARN_OBJC_ROOT_CLASS = YES_ERROR;
				CLANG_WARN_QUOTED_INCLUDE_IN_FRAMEWORK_HEADER = YES;
				CLANG_WARN_RANGE_LOOP_ANALYSIS = YES;
				CLANG_WARN_STRICT_PROTOTYPES = YES;
				CLANG_WARN_SUSPICIOUS_MOVE = YES;
				CLANG_WARN_UNGUARDED_AVAILABILITY = YES_AGGRESSIVE;
				CLANG_WARN_UNREACHABLE_CODE = YES;
				CLANG_WARN__DUPLICATE_METHOD_MATCH = YES;
				COPY_PHASE_STRIP = NO;
				DEBUG_INFORMATION_FORMAT = "dwarf-with-dsym";
				ENABLE_NS_ASSERTIONS = NO;
				ENABLE_STRICT_OBJC_MSGSEND = YES;
				GCC_C_LANGUAGE_STANDARD = gnu11;
				GCC_NO_COMMON_BLOCKS = YES;
				GCC_WARN_64_TO_32_BIT_CONVERSION = YES;
				GCC_WARN_ABOUT_RETURN_TYPE = YES_ERROR;
				GCC_WARN_UNDECLARED_SELECTOR = YES;
				GCC_WARN_UNINITIALIZED_AUTOS = YES_AGGRESSIVE;
				GCC_WARN_UNUSED_FUNCTION = YES;
				GCC_WARN_UNUSED_VARIABLE = YES;
				MACOSX_DEPLOYMENT_TARGET = 10.15;
				MTL_ENABLE_DEBUG_INFO = NO;
				MTL_FAST_MATH = YES;
				SDKROOT = macosx;
				SWIFT_COMPILATION_MODE = wholemodule;
				SWIFT_OPTIMIZATION_LEVEL = "-O";
			};
			name = Release;
		};
		B144777B27309EB800E38C2B /* Debug */ = {
			isa = XCBuildConfiguration;
			buildSettings = {
				ASSETCATALOG_COMPILER_APPICON_NAME = AppIcon;
				ASSETCATALOG_COMPILER_GLOBAL_ACCENT_COLOR_NAME = AccentColor;
				CLANG_ENABLE_MODULES = YES;
				CODE_SIGN_ENTITLEMENTS = "brightness-control/brightness_control.entitlements";
				CODE_SIGN_STYLE = Automatic;
				COMBINE_HIDPI_IMAGES = YES;
				DEVELOPMENT_ASSET_PATHS = "\"brightness-control/Preview Content\"";
				DEVELOPMENT_TEAM = 5AR7QH7YRM;
				ENABLE_HARDENED_RUNTIME = YES;
				ENABLE_PREVIEWS = YES;
				INFOPLIST_FILE = "brightness-control/Info.plist";
				LD_RUNPATH_SEARCH_PATHS = (
					"$(inherited)",
					"@executable_path/../Frameworks",
				);
				MACOSX_DEPLOYMENT_TARGET = 11.0;
				PRODUCT_BUNDLE_IDENTIFIER = "thanos.stamatakis.brightness-control";
				PRODUCT_NAME = "$(TARGET_NAME)";
				SWIFT_OBJC_BRIDGING_HEADER = "brightness-control/ddcctl/brightness-control-Bridging-Header.h";
				SWIFT_OPTIMIZATION_LEVEL = "-Onone";
				SWIFT_VERSION = 5.0;
			};
			name = Debug;
		};
		B144777C27309EB800E38C2B /* Release */ = {
			isa = XCBuildConfiguration;
			buildSettings = {
				ASSETCATALOG_COMPILER_APPICON_NAME = AppIcon;
				ASSETCATALOG_COMPILER_GLOBAL_ACCENT_COLOR_NAME = AccentColor;
				CLANG_ENABLE_MODULES = YES;
				CODE_SIGN_ENTITLEMENTS = "brightness-control/brightness_control.entitlements";
				CODE_SIGN_STYLE = Automatic;
				COMBINE_HIDPI_IMAGES = YES;
				DEVELOPMENT_ASSET_PATHS = "\"brightness-control/Preview Content\"";
				DEVELOPMENT_TEAM = 5AR7QH7YRM;
				ENABLE_HARDENED_RUNTIME = YES;
				ENABLE_PREVIEWS = YES;
				INFOPLIST_FILE = "brightness-control/Info.plist";
				LD_RUNPATH_SEARCH_PATHS = (
					"$(inherited)",
					"@executable_path/../Frameworks",
				);
				MACOSX_DEPLOYMENT_TARGET = 11.0;
				PRODUCT_BUNDLE_IDENTIFIER = "thanos.stamatakis.brightness-control";
				PRODUCT_NAME = "$(TARGET_NAME)";
				SWIFT_OBJC_BRIDGING_HEADER = "brightness-control/ddcctl/brightness-control-Bridging-Header.h";
				SWIFT_VERSION = 5.0;
			};
			name = Release;
		};
		B144777E27309EB800E38C2B /* Debug */ = {
			isa = XCBuildConfiguration;
			buildSettings = {
				ALWAYS_EMBED_SWIFT_STANDARD_LIBRARIES = YES;
				BUNDLE_LOADER = "$(TEST_HOST)";
				CODE_SIGN_STYLE = Automatic;
				COMBINE_HIDPI_IMAGES = YES;
				DEVELOPMENT_TEAM = 5AR7QH7YRM;
				INFOPLIST_FILE = "brightness-controlTests/Info.plist";
				LD_RUNPATH_SEARCH_PATHS = (
					"$(inherited)",
					"@executable_path/../Frameworks",
					"@loader_path/../Frameworks",
				);
				MACOSX_DEPLOYMENT_TARGET = 11.0;
				PRODUCT_BUNDLE_IDENTIFIER = "thanos.stamatakis.brightness-controlTests";
				PRODUCT_NAME = "$(TARGET_NAME)";
				SWIFT_VERSION = 5.0;
				TEST_HOST = "$(BUILT_PRODUCTS_DIR)/brightness-control.app/Contents/MacOS/brightness-control";
			};
			name = Debug;
		};
		B144777F27309EB800E38C2B /* Release */ = {
			isa = XCBuildConfiguration;
			buildSettings = {
				ALWAYS_EMBED_SWIFT_STANDARD_LIBRARIES = YES;
				BUNDLE_LOADER = "$(TEST_HOST)";
				CODE_SIGN_STYLE = Automatic;
				COMBINE_HIDPI_IMAGES = YES;
				DEVELOPMENT_TEAM = 5AR7QH7YRM;
				INFOPLIST_FILE = "brightness-controlTests/Info.plist";
				LD_RUNPATH_SEARCH_PATHS = (
					"$(inherited)",
					"@executable_path/../Frameworks",
					"@loader_path/../Frameworks",
				);
				MACOSX_DEPLOYMENT_TARGET = 11.0;
				PRODUCT_BUNDLE_IDENTIFIER = "thanos.stamatakis.brightness-controlTests";
				PRODUCT_NAME = "$(TARGET_NAME)";
				SWIFT_VERSION = 5.0;
				TEST_HOST = "$(BUILT_PRODUCTS_DIR)/brightness-control.app/Contents/MacOS/brightness-control";
			};
			name = Release;
		};
		B144778127309EB800E38C2B /* Debug */ = {
			isa = XCBuildConfiguration;
			buildSettings = {
				ALWAYS_EMBED_SWIFT_STANDARD_LIBRARIES = YES;
				CODE_SIGN_STYLE = Automatic;
				COMBINE_HIDPI_IMAGES = YES;
				DEVELOPMENT_TEAM = 5AR7QH7YRM;
				INFOPLIST_FILE = "brightness-controlUITests/Info.plist";
				LD_RUNPATH_SEARCH_PATHS = (
					"$(inherited)",
					"@executable_path/../Frameworks",
					"@loader_path/../Frameworks",
				);
				PRODUCT_BUNDLE_IDENTIFIER = "thanos.stamatakis.brightness-controlUITests";
				PRODUCT_NAME = "$(TARGET_NAME)";
				SWIFT_VERSION = 5.0;
				TEST_TARGET_NAME = "brightness-control";
			};
			name = Debug;
		};
		B144778227309EB800E38C2B /* Release */ = {
			isa = XCBuildConfiguration;
			buildSettings = {
				ALWAYS_EMBED_SWIFT_STANDARD_LIBRARIES = YES;
				CODE_SIGN_STYLE = Automatic;
				COMBINE_HIDPI_IMAGES = YES;
				DEVELOPMENT_TEAM = 5AR7QH7YRM;
				INFOPLIST_FILE = "brightness-controlUITests/Info.plist";
				LD_RUNPATH_SEARCH_PATHS = (
					"$(inherited)",
					"@executable_path/../Frameworks",
					"@loader_path/../Frameworks",
				);
				PRODUCT_BUNDLE_IDENTIFIER = "thanos.stamatakis.brightness-controlUITests";
				PRODUCT_NAME = "$(TARGET_NAME)";
				SWIFT_VERSION = 5.0;
				TEST_TARGET_NAME = "brightness-control";
			};
			name = Release;
		};
/* End XCBuildConfiguration section */

/* Begin XCConfigurationList section */
		B144774F27309EB600E38C2B /* Build configuration list for PBXProject "brightness-control" */ = {
			isa = XCConfigurationList;
			buildConfigurations = (
				B144777827309EB800E38C2B /* Debug */,
				B144777927309EB800E38C2B /* Release */,
			);
			defaultConfigurationIsVisible = 0;
			defaultConfigurationName = Release;
		};
		B144777A27309EB800E38C2B /* Build configuration list for PBXNativeTarget "brightness-control" */ = {
			isa = XCConfigurationList;
			buildConfigurations = (
				B144777B27309EB800E38C2B /* Debug */,
				B144777C27309EB800E38C2B /* Release */,
			);
			defaultConfigurationIsVisible = 0;
			defaultConfigurationName = Release;
		};
		B144777D27309EB800E38C2B /* Build configuration list for PBXNativeTarget "brightness-controlTests" */ = {
			isa = XCConfigurationList;
			buildConfigurations = (
				B144777E27309EB800E38C2B /* Debug */,
				B144777F27309EB800E38C2B /* Release */,
			);
			defaultConfigurationIsVisible = 0;
			defaultConfigurationName = Release;
		};
		B144778027309EB800E38C2B /* Build configuration list for PBXNativeTarget "brightness-controlUITests" */ = {
			isa = XCConfigurationList;
			buildConfigurations = (
				B144778127309EB800E38C2B /* Debug */,
				B144778227309EB800E38C2B /* Release */,
			);
			defaultConfigurationIsVisible = 0;
			defaultConfigurationName = Release;
		};
/* End XCConfigurationList section */
	};
	rootObject = B144774C27309EB600E38C2B /* Project object */;
}
